
Microsoft Visual Studio Solution File, Format Version 12.00
# Visual Studio 15
VisualStudioVersion = 15.0.28307.421
MinimumVisualStudioVersion = 10.0.40219.1
Project("{FAE04EC0-301F-11D3-BF4B-00C04F79EFBC}") = "SelectionSort", "SelectionSort\SelectionSort.csproj", "{88738965-7F72-4B4E-849C-73E2F3239238}"
EndProject
Project("{FAE04EC0-301F-11D3-BF4B-00C04F79EFBC}") = "SelectionSortOwn", "SelectionSortOwn\SelectionSortOwn.csproj", "{88F88C33-6005-4989-A38A-66AFD18D213A}"
EndProject
Global
	GlobalSection(SolutionConfigurationPlatforms) = preSolution
		Debug|Any CPU = Debug|Any CPU
		Release|Any CPU = Release|Any CPU
	EndGlobalSection
	GlobalSection(ProjectConfigurationPlatforms) = postSolution
		{88738965-7F72-4B4E-849C-73E2F3239238}.Debug|Any CPU.ActiveCfg = Debug|Any CPU
		{88738965-7F72-4B4E-849C-73E2F3239238}.Debug|Any CPU.Build.0 = Debug|Any CPU
		{88738965-7F72-4B4E-849C-73E2F3239238}.Release|Any CPU.ActiveCfg = Release|Any CPU
		{88738965-7F72-4B4E-849C-73E2F3239238}.Release|Any CPU.Build.0 = Release|Any CPU
		{88F88C33-6005-4989-A38A-66AFD18D213A}.Debug|Any CPU.ActiveCfg = Debug|Any CPU
		{88F88C33-6005-4989-A38A-66AFD18D213A}.Debug|Any CPU.Build.0 = Debug|Any CPU
		{88F88C33-6005-4989-A38A-66AFD18D213A}.Release|Any CPU.ActiveCfg = Release|Any CPU
		{88F88C33-6005-4989-A38A-66AFD18D213A}.Release|Any CPU.Build.0 = Release|Any CPU
	EndGlobalSection
	GlobalSection(SolutionProperties) = preSolution
		HideSolutionNode = FALSE
	EndGlobalSection
	GlobalSection(ExtensibilityGlobals) = postSolution
		SolutionGuid = {DAE8F37C-8097-4D76-84B8-7BC0E0854E48}
	EndGlobalSection
EndGlobal
